
Microsoft Visual Studio Solution File, Format Version 12.00
# Visual Studio Version 17
VisualStudioVersion = 17.5.33530.505
MinimumVisualStudioVersion = 10.0.40219.1
Project("{FAE04EC0-301F-11D3-BF4B-00C04F79EFBC}") = "CubeAlgoTest", "CubeAlgoTest\CubeAlgoTest.csproj", "{BB15E21E-A3A2-46D7-8E72-D7C11D8A4AB5}"
EndProject
Global
	GlobalSection(SolutionConfigurationPlatforms) = preSolution
		Debug|Any CPU = Debug|Any CPU
		Release|Any CPU = Release|Any CPU
	EndGlobalSection
	GlobalSection(ProjectConfigurationPlatforms) = postSolution
		{BB15E21E-A3A2-46D7-8E72-D7C11D8A4AB5}.Debug|Any CPU.ActiveCfg = Debug|Any CPU
		{BB15E21E-A3A2-46D7-8E72-D7C11D8A4AB5}.Debug|Any CPU.Build.0 = Debug|Any CPU
		{BB15E21E-A3A2-46D7-8E72-D7C11D8A4AB5}.Release|Any CPU.ActiveCfg = Release|Any CPU
		{BB15E21E-A3A2-46D7-8E72-D7C11D8A4AB5}.Release|Any CPU.Build.0 = Release|Any CPU
	EndGlobalSection
	GlobalSection(SolutionProperties) = preSolution
		HideSolutionNode = FALSE
	EndGlobalSection
	GlobalSection(ExtensibilityGlobals) = postSolution
		SolutionGuid = {259546A7-0493-401E-A406-8AD118E138A9}
	EndGlobalSection
EndGlobal
